
Microsoft Visual Studio Solution File, Format Version 12.00
# Visual Studio 2012
Project("{FAE04EC0-301F-11D3-BF4B-00C04F79EFBC}") = "lecturatxt", "lecturatxt\lecturatxt.csproj", "{CBE1F0BC-0EA7-4823-9FCC-FFC83CA778DE}"
EndProject
Global
	GlobalSection(SolutionConfigurationPlatforms) = preSolution
		Debug|Any CPU = Debug|Any CPU
		Release|Any CPU = Release|Any CPU
	EndGlobalSection
	GlobalSection(ProjectConfigurationPlatforms) = postSolution
		{CBE1F0BC-0EA7-4823-9FCC-FFC83CA778DE}.Debug|Any CPU.ActiveCfg = Debug|Any CPU
		{CBE1F0BC-0EA7-4823-9FCC-FFC83CA778DE}.Debug|Any CPU.Build.0 = Debug|Any CPU
		{CBE1F0BC-0EA7-4823-9FCC-FFC83CA778DE}.Release|Any CPU.ActiveCfg = Release|Any CPU
		{CBE1F0BC-0EA7-4823-9FCC-FFC83CA778DE}.Release|Any CPU.Build.0 = Release|Any CPU
	EndGlobalSection
	GlobalSection(SolutionProperties) = preSolution
		HideSolutionNode = FALSE
	EndGlobalSection
EndGlobal
